
Microsoft Visual Studio Solution File, Format Version 12.00
# Visual Studio Version 16
VisualStudioVersion = 16.0.29209.152
MinimumVisualStudioVersion = 10.0.40219.1
Project("{FAE04EC0-301F-11D3-BF4B-00C04F79EFBC}") = "DailyKata", "DailyKata\DailyKata.csproj", "{B12A7753-60FC-4E8B-9A67-B041FA0853D6}"
EndProject
Project("{FAE04EC0-301F-11D3-BF4B-00C04F79EFBC}") = "DailyKata.Tests", "DailyKata.Tests\DailyKata.Tests.csproj", "{ECA7D0AF-C510-4F77-B204-EFE28D6C275F}"
EndProject
Global
	GlobalSection(SolutionConfigurationPlatforms) = preSolution
		Debug|Any CPU = Debug|Any CPU
		Release|Any CPU = Release|Any CPU
	EndGlobalSection
	GlobalSection(ProjectConfigurationPlatforms) = postSolution
		{B12A7753-60FC-4E8B-9A67-B041FA0853D6}.Debug|Any CPU.ActiveCfg = Debug|Any CPU
		{B12A7753-60FC-4E8B-9A67-B041FA0853D6}.Debug|Any CPU.Build.0 = Debug|Any CPU
		{B12A7753-60FC-4E8B-9A67-B041FA0853D6}.Release|Any CPU.ActiveCfg = Release|Any CPU
		{B12A7753-60FC-4E8B-9A67-B041FA0853D6}.Release|Any CPU.Build.0 = Release|Any CPU
		{ECA7D0AF-C510-4F77-B204-EFE28D6C275F}.Debug|Any CPU.ActiveCfg = Debug|Any CPU
		{ECA7D0AF-C510-4F77-B204-EFE28D6C275F}.Debug|Any CPU.Build.0 = Debug|Any CPU
		{ECA7D0AF-C510-4F77-B204-EFE28D6C275F}.Release|Any CPU.ActiveCfg = Release|Any CPU
		{ECA7D0AF-C510-4F77-B204-EFE28D6C275F}.Release|Any CPU.Build.0 = Release|Any CPU
	EndGlobalSection
	GlobalSection(SolutionProperties) = preSolution
		HideSolutionNode = FALSE
	EndGlobalSection
	GlobalSection(ExtensibilityGlobals) = postSolution
		SolutionGuid = {E3266434-495F-45A5-B1DF-168ED94052F7}
	EndGlobalSection
EndGlobal
